schema: '2.0'
stages:
  normalize:
    cmd: python3 src/normalize.py
    deps:
    - path: data/data.csv
      md5: b36d40ee963b3de7ba78e86d01b4004a
      size: 43689903
    - path: src/normalize.py
      md5: bca1a13877afbffec491bd6e260de892
      size: 436
    outs:
    - path: data/data_normalized.csv
      md5: 52aae25a29681f16ac6b311fc4e58d62
      size: 56944636
    - path: plots/normalized_integers.png
      md5: bdfac02dc2a07d9f939b123ed9ab9373
      size: 35988
  tuneknn:
    cmd: python src/tuneknn.py
    deps:
    - path: data/data_normalized.csv
      md5: 52aae25a29681f16ac6b311fc4e58d62
      size: 56944636
    - path: src/tuneknn.py
      md5: fef05f4b5fc677a4980544becc0f7686
      size: 984
    params:
      params.yaml:
        seed: 42
        tuneknn.max_k: 50
        tuneknn.min_k: 2
    outs:
    - path: metrics/db_scores.json
      md5: 9d0b4efeae56b2723382c95be038ad10
      size: 2046
    - path: metrics/sil_scores.json
      md5: ea70ca8880ba91b5c5bc171a5599097a
      size: 2176
